
Microsoft Visual Studio Solution File, Format Version 12.00
# Visual Studio Version 17
VisualStudioVersion = 17.8.34525.116
MinimumVisualStudioVersion = 10.0.40219.1
Project(""{FAE04EC0-301F-11D3-BF4B-00C04F79EFBC}"") = "Talents", "Talents\src\Talents.csproj", "{e6e7a11b-c1ae-4354-bb56-3569edcb989e}"
EndProject
Global
	GlobalSection(SolutionConfigurationPlatforms) = preSolution
		Debug|Any CPU = Debug|Any CPU
		Release|Any CPU = Release|Any CPU
	EndGlobalSection
	GlobalSection(ProjectConfigurationPlatforms) = postSolution
		{6C644607-264E-44CD-9091-B89EE2E9A867}.Debug|Any CPU.ActiveCfg = Debug|Any CPU
		{6C644607-264E-44CD-9091-B89EE2E9A867}.Debug|Any CPU.Build.0 = Debug|Any CPU
		{6C644607-264E-44CD-9091-B89EE2E9A867}.Release|Any CPU.ActiveCfg = Release|Any CPU
		{6C644607-264E-44CD-9091-B89EE2E9A867}.Release|Any CPU.Build.0 = Release|Any CPU
		{7E38E62E-F366-4BE7-8D3D-CB16D9C7A255}.Debug|Any CPU.ActiveCfg = Debug|Any CPU
		{7E38E62E-F366-4BE7-8D3D-CB16D9C7A255}.Debug|Any CPU.Build.0 = Debug|Any CPU
		{7E38E62E-F366-4BE7-8D3D-CB16D9C7A255}.Release|Any CPU.ActiveCfg = Release|Any CPU
		{7E38E62E-F366-4BE7-8D3D-CB16D9C7A255}.Release|Any CPU.Build.0 = Release|Any CPU
	EndGlobalSection
	GlobalSection(SolutionProperties) = preSolution
		HideSolutionNode = FALSE
	EndGlobalSection
	GlobalSection(ExtensibilityGlobals) = postSolution
		SolutionGuid = {5E196CB1-76AA-474A-87C7-32A54BC58FEE}
	EndGlobalSection
EndGlobal
