
Microsoft Visual Studio Solution File, Format Version 12.00
# Visual Studio Version 17
VisualStudioVersion = 17.8.34525.116
MinimumVisualStudioVersion = 10.0.40219.1
Project("{FAE04EC0-301F-11D3-BF4B-00C04F79EFBC}") = "Talents", "Talents\src\Talents.csproj", "{E6E7A11B-C1AE-4354-BB56-3569EDCB989E}"
EndProject
Project("{FAE04EC0-301F-11D3-BF4B-00C04F79EFBC}") = "Bot-Count", "Bot-Count\src\Bot-Count.csproj", "{A2A96862-F68F-4954-9CF5-163CB6879FC1}"
EndProject
Global
	GlobalSection(SolutionConfigurationPlatforms) = preSolution
		Debug|Any CPU = Debug|Any CPU
		Release|Any CPU = Release|Any CPU
	EndGlobalSection
	GlobalSection(ProjectConfigurationPlatforms) = postSolution
		{E6E7A11B-C1AE-4354-BB56-3569EDCB989E}.Debug|Any CPU.ActiveCfg = Debug|Any CPU
		{E6E7A11B-C1AE-4354-BB56-3569EDCB989E}.Debug|Any CPU.Build.0 = Debug|Any CPU
		{E6E7A11B-C1AE-4354-BB56-3569EDCB989E}.Release|Any CPU.ActiveCfg = Release|Any CPU
		{E6E7A11B-C1AE-4354-BB56-3569EDCB989E}.Release|Any CPU.Build.0 = Release|Any CPU
		{A2A96862-F68F-4954-9CF5-163CB6879FC1}.Debug|Any CPU.ActiveCfg = Debug|Any CPU
		{A2A96862-F68F-4954-9CF5-163CB6879FC1}.Debug|Any CPU.Build.0 = Debug|Any CPU
		{A2A96862-F68F-4954-9CF5-163CB6879FC1}.Release|Any CPU.ActiveCfg = Release|Any CPU
		{A2A96862-F68F-4954-9CF5-163CB6879FC1}.Release|Any CPU.Build.0 = Release|Any CPU
	EndGlobalSection
	GlobalSection(SolutionProperties) = preSolution
		HideSolutionNode = FALSE
	EndGlobalSection
	GlobalSection(ExtensibilityGlobals) = postSolution
		SolutionGuid = {5E196CB1-76AA-474A-87C7-32A54BC58FEE}
	EndGlobalSection
EndGlobal
